
Microsoft Visual Studio Solution File, Format Version 12.00
# Visual Studio Version 17
VisualStudioVersion = 17.7.34202.233
MinimumVisualStudioVersion = 10.0.40219.1
Project("{8BC9CEB8-8B4A-11D0-8D11-00A0C91BC942}") = "UcheHadassah2_3", "UcheHadassah2_3\UcheHadassah2_3.vcxproj", "{9F44C8C6-2A71-4568-A1C2-8D2A48DB51CD}"
EndProject
Global
	GlobalSection(SolutionConfigurationPlatforms) = preSolution
		Debug|x64 = Debug|x64
		Debug|x86 = Debug|x86
		Release|x64 = Release|x64
		Release|x86 = Release|x86
	EndGlobalSection
	GlobalSection(ProjectConfigurationPlatforms) = postSolution
		{9F44C8C6-2A71-4568-A1C2-8D2A48DB51CD}.Debug|x64.ActiveCfg = Debug|x64
		{9F44C8C6-2A71-4568-A1C2-8D2A48DB51CD}.Debug|x64.Build.0 = Debug|x64
		{9F44C8C6-2A71-4568-A1C2-8D2A48DB51CD}.Debug|x86.ActiveCfg = Debug|Win32
		{9F44C8C6-2A71-4568-A1C2-8D2A48DB51CD}.Debug|x86.Build.0 = Debug|Win32
		{9F44C8C6-2A71-4568-A1C2-8D2A48DB51CD}.Release|x64.ActiveCfg = Release|x64
		{9F44C8C6-2A71-4568-A1C2-8D2A48DB51CD}.Release|x64.Build.0 = Release|x64
		{9F44C8C6-2A71-4568-A1C2-8D2A48DB51CD}.Release|x86.ActiveCfg = Release|Win32
		{9F44C8C6-2A71-4568-A1C2-8D2A48DB51CD}.Release|x86.Build.0 = Release|Win32
	EndGlobalSection
	GlobalSection(SolutionProperties) = preSolution
		HideSolutionNode = FALSE
	EndGlobalSection
	GlobalSection(ExtensibilityGlobals) = postSolution
		SolutionGuid = {CE5916C9-9F1D-4519-B803-A65531C064EF}
	EndGlobalSection
EndGlobal
